
Microsoft Visual Studio Solution File, Format Version 12.00
# Visual Studio Version 17
VisualStudioVersion = 17.3.32901.215
MinimumVisualStudioVersion = 10.0.40219.1
Project("{FAE04EC0-301F-11D3-BF4B-00C04F79EFBC}") = "TaskBoardApp", "TaskBoardApp\TaskBoardApp.csproj", "{80A231C1-11C2-45F6-9925-1FAB5586A7E6}"
EndProject
Global
	GlobalSection(SolutionConfigurationPlatforms) = preSolution
		Debug|Any CPU = Debug|Any CPU
		Release|Any CPU = Release|Any CPU
	EndGlobalSection
	GlobalSection(ProjectConfigurationPlatforms) = postSolution
		{80A231C1-11C2-45F6-9925-1FAB5586A7E6}.Debug|Any CPU.ActiveCfg = Debug|Any CPU
		{80A231C1-11C2-45F6-9925-1FAB5586A7E6}.Debug|Any CPU.Build.0 = Debug|Any CPU
		{80A231C1-11C2-45F6-9925-1FAB5586A7E6}.Release|Any CPU.ActiveCfg = Release|Any CPU
		{80A231C1-11C2-45F6-9925-1FAB5586A7E6}.Release|Any CPU.Build.0 = Release|Any CPU
	EndGlobalSection
	GlobalSection(SolutionProperties) = preSolution
		HideSolutionNode = FALSE
	EndGlobalSection
	GlobalSection(ExtensibilityGlobals) = postSolution
		SolutionGuid = {4D0D70BB-101B-42BC-9F81-82BCE8756C2E}
	EndGlobalSection
EndGlobal
