
Microsoft Visual Studio Solution File, Format Version 12.00
# Visual Studio Version 17
VisualStudioVersion = 17.2.32630.192
MinimumVisualStudioVersion = 10.0.40219.1
Project("{FAE04EC0-301F-11D3-BF4B-00C04F79EFBC}") = "TaskBoardFinal", "TaskBoardFinal\TaskBoardFinal.csproj", "{FD57A431-9FF7-4A2A-9C9F-66ED322F550F}"
EndProject
Global
	GlobalSection(SolutionConfigurationPlatforms) = preSolution
		Debug|Any CPU = Debug|Any CPU
		Release|Any CPU = Release|Any CPU
	EndGlobalSection
	GlobalSection(ProjectConfigurationPlatforms) = postSolution
		{FD57A431-9FF7-4A2A-9C9F-66ED322F550F}.Debug|Any CPU.ActiveCfg = Debug|Any CPU
		{FD57A431-9FF7-4A2A-9C9F-66ED322F550F}.Debug|Any CPU.Build.0 = Debug|Any CPU
		{FD57A431-9FF7-4A2A-9C9F-66ED322F550F}.Release|Any CPU.ActiveCfg = Release|Any CPU
		{FD57A431-9FF7-4A2A-9C9F-66ED322F550F}.Release|Any CPU.Build.0 = Release|Any CPU
	EndGlobalSection
	GlobalSection(SolutionProperties) = preSolution
		HideSolutionNode = FALSE
	EndGlobalSection
	GlobalSection(ExtensibilityGlobals) = postSolution
		SolutionGuid = {44713F37-F5CD-4798-85B4-58AB82526046}
	EndGlobalSection
EndGlobal
